// !$*UTF8*$!
{
	archiveVersion = 1;
	classes = {
	};
	objectVersion = 77;
	objects = {

/* Begin PBXBuildFile section */
		300C7FC62DD53322009DB1E9 /* MempoolKit in Frameworks */ = {isa = PBXBuildFile; productRef = 300C7FC52DD53322009DB1E9 /* MempoolKit */; };
		300C80082DD55A8E009DB1E9 /* WidgetKit.framework in Frameworks */ = {isa = PBXBuildFile; fileRef = 300C80072DD55A8E009DB1E9 /* WidgetKit.framework */; };
		300C800A2DD55A8E009DB1E9 /* SwiftUI.framework in Frameworks */ = {isa = PBXBuildFile; fileRef = 300C80092DD55A8E009DB1E9 /* SwiftUI.framework */; };
		300C801B2DD55A8F009DB1E9 /* LiveMemPoolWidgetExtension.appex in Embed Foundation Extensions */ = {isa = PBXBuildFile; fileRef = 300C80052DD55A8E009DB1E9 /* LiveMemPoolWidgetExtension.appex */; settings = {ATTRIBUTES = (RemoveHeadersOnCopy, ); }; };
/* End PBXBuildFile section */

/* Begin PBXContainerItemProxy section */
		300C80192DD55A8F009DB1E9 /* PBXContainerItemProxy */ = {
			isa = PBXContainerItemProxy;
			containerPortal = 300C7FAB2DD532C8009DB1E9 /* Project object */;
			proxyType = 1;
			remoteGlobalIDString = 300C80042DD55A8E009DB1E9;
			remoteInfo = LiveMemPoolWidgetExtension;
		};
/* End PBXContainerItemProxy section */

/* Begin PBXCopyFilesBuildPhase section */
		300C80202DD55A8F009DB1E9 /* Embed Foundation Extensions */ = {
			isa = PBXCopyFilesBuildPhase;
			buildActionMask = 2147483647;
			dstPath = "";
			dstSubfolderSpec = 13;
			files = (
				300C801B2DD55A8F009DB1E9 /* LiveMemPoolWidgetExtension.appex in Embed Foundation Extensions */,
			);
			name = "Embed Foundation Extensions";
			runOnlyForDeploymentPostprocessing = 0;
		};
/* End PBXCopyFilesBuildPhase section */

/* Begin PBXFileReference section */
		300C7FB32DD532C8009DB1E9 /* LiveMemPool.app */ = {isa = PBXFileReference; explicitFileType = wrapper.application; includeInIndex = 0; path = LiveMemPool.app; sourceTree = BUILT_PRODUCTS_DIR; };
		300C80052DD55A8E009DB1E9 /* LiveMemPoolWidgetExtension.appex */ = {isa = PBXFileReference; explicitFileType = "wrapper.app-extension"; includeInIndex = 0; path = LiveMemPoolWidgetExtension.appex; sourceTree = BUILT_PRODUCTS_DIR; };
		300C80072DD55A8E009DB1E9 /* WidgetKit.framework */ = {isa = PBXFileReference; lastKnownFileType = wrapper.framework; name = WidgetKit.framework; path = System/Library/Frameworks/WidgetKit.framework; sourceTree = SDKROOT; };
		300C80092DD55A8E009DB1E9 /* SwiftUI.framework */ = {isa = PBXFileReference; lastKnownFileType = wrapper.framework; name = SwiftUI.framework; path = System/Library/Frameworks/SwiftUI.framework; sourceTree = SDKROOT; };
/* End PBXFileReference section */

/* Begin PBXFileSystemSynchronizedBuildFileExceptionSet section */
		300C801C2DD55A8F009DB1E9 /* Exceptions for "LiveMemPoolWidget" folder in "LiveMemPoolWidgetExtension" target */ = {
			isa = PBXFileSystemSynchronizedBuildFileExceptionSet;
			membershipExceptions = (
				Info.plist,
			);
			target = 300C80042DD55A8E009DB1E9 /* LiveMemPoolWidgetExtension */;
		};
/* End PBXFileSystemSynchronizedBuildFileExceptionSet section */

/* Begin PBXFileSystemSynchronizedRootGroup section */
		300C7FB52DD532C8009DB1E9 /* LiveMemPool */ = {
			isa = PBXFileSystemSynchronizedRootGroup;
			path = LiveMemPool;
			sourceTree = "<group>";
		};
		300C800B2DD55A8E009DB1E9 /* LiveMemPoolWidget */ = {
			isa = PBXFileSystemSynchronizedRootGroup;
			exceptions = (
				300C801C2DD55A8F009DB1E9 /* Exceptions for "LiveMemPoolWidget" folder in "LiveMemPoolWidgetExtension" target */,
			);
			path = LiveMemPoolWidget;
			sourceTree = "<group>";
		};
/* End PBXFileSystemSynchronizedRootGroup section */

/* Begin PBXFrameworksBuildPhase section */
		300C7FB02DD532C8009DB1E9 /* Frameworks */ = {
			isa = PBXFrameworksBuildPhase;
			buildActionMask = 2147483647;
			files = (
				300C7FC62DD53322009DB1E9 /* MempoolKit in Frameworks */,
			);
			runOnlyForDeploymentPostprocessing = 0;
		};
		300C80022DD55A8E009DB1E9 /* Frameworks */ = {
			isa = PBXFrameworksBuildPhase;
			buildActionMask = 2147483647;
			files = (
				300C800A2DD55A8E009DB1E9 /* SwiftUI.framework in Frameworks */,
				300C80082DD55A8E009DB1E9 /* WidgetKit.framework in Frameworks */,
			);
			runOnlyForDeploymentPostprocessing = 0;
		};
/* End PBXFrameworksBuildPhase section */

/* Begin PBXGroup section */
		300C7FAA2DD532C8009DB1E9 = {
			isa = PBXGroup;
			children = (
				300C7FB52DD532C8009DB1E9 /* LiveMemPool */,
				300C800B2DD55A8E009DB1E9 /* LiveMemPoolWidget */,
				300C80062DD55A8E009DB1E9 /* Frameworks */,
				300C7FB42DD532C8009DB1E9 /* Products */,
			);
			sourceTree = "<group>";
		};
		300C7FB42DD532C8009DB1E9 /* Products */ = {
			isa = PBXGroup;
			children = (
				300C7FB32DD532C8009DB1E9 /* LiveMemPool.app */,
				300C80052DD55A8E009DB1E9 /* LiveMemPoolWidgetExtension.appex */,
			);
			name = Products;
			sourceTree = "<group>";
		};
		300C80062DD55A8E009DB1E9 /* Frameworks */ = {
			isa = PBXGroup;
			children = (
				300C80072DD55A8E009DB1E9 /* WidgetKit.framework */,
				300C80092DD55A8E009DB1E9 /* SwiftUI.framework */,
			);
			name = Frameworks;
			sourceTree = "<group>";
		};
/* End PBXGroup section */

/* Begin PBXNativeTarget section */
		300C7FB22DD532C8009DB1E9 /* LiveMemPool */ = {
			isa = PBXNativeTarget;
			buildConfigurationList = 300C7FC12DD532C9009DB1E9 /* Build configuration list for PBXNativeTarget "LiveMemPool" */;
			buildPhases = (
				300C7FAF2DD532C8009DB1E9 /* Sources */,
				300C7FB02DD532C8009DB1E9 /* Frameworks */,
				300C7FB12DD532C8009DB1E9 /* Resources */,
				300C80202DD55A8F009DB1E9 /* Embed Foundation Extensions */,
			);
			buildRules = (
			);
			dependencies = (
				300C801A2DD55A8F009DB1E9 /* PBXTargetDependency */,
			);
			fileSystemSynchronizedGroups = (
				300C7FB52DD532C8009DB1E9 /* LiveMemPool */,
			);
			name = LiveMemPool;
			packageProductDependencies = (
				300C7FC52DD53322009DB1E9 /* MempoolKit */,
			);
			productName = LiveMemPool;
			productReference = 300C7FB32DD532C8009DB1E9 /* LiveMemPool.app */;
			productType = "com.apple.product-type.application";
		};
		300C80042DD55A8E009DB1E9 /* LiveMemPoolWidgetExtension */ = {
			isa = PBXNativeTarget;
			buildConfigurationList = 300C801D2DD55A8F009DB1E9 /* Build configuration list for PBXNativeTarget "LiveMemPoolWidgetExtension" */;
			buildPhases = (
				300C80012DD55A8E009DB1E9 /* Sources */,
				300C80022DD55A8E009DB1E9 /* Frameworks */,
				300C80032DD55A8E009DB1E9 /* Resources */,
			);
			buildRules = (
			);
			dependencies = (
			);
			fileSystemSynchronizedGroups = (
				300C800B2DD55A8E009DB1E9 /* LiveMemPoolWidget */,
			);
			name = LiveMemPoolWidgetExtension;
			packageProductDependencies = (
			);
			productName = LiveMemPoolWidgetExtension;
			productReference = 300C80052DD55A8E009DB1E9 /* LiveMemPoolWidgetExtension.appex */;
			productType = "com.apple.product-type.app-extension";
		};
/* End PBXNativeTarget section */

/* Begin PBXProject section */
		300C7FAB2DD532C8009DB1E9 /* Project object */ = {
			isa = PBXProject;
			attributes = {
				BuildIndependentTargetsInParallel = 1;
				LastSwiftUpdateCheck = 1610;
				LastUpgradeCheck = 1610;
				TargetAttributes = {
					300C7FB22DD532C8009DB1E9 = {
						CreatedOnToolsVersion = 16.1;
					};
					300C80042DD55A8E009DB1E9 = {
						CreatedOnToolsVersion = 16.1;
					};
				};
			};
			buildConfigurationList = 300C7FAE2DD532C8009DB1E9 /* Build configuration list for PBXProject "LiveMemPool" */;
			developmentRegion = en;
			hasScannedForEncodings = 0;
			knownRegions = (
				en,
				Base,
			);
			mainGroup = 300C7FAA2DD532C8009DB1E9;
			minimizedProjectReferenceProxies = 1;
			packageReferences = (
				300C7FC42DD53322009DB1E9 /* XCRemoteSwiftPackageReference "MempoolKit" */,
			);
			preferredProjectObjectVersion = 77;
			productRefGroup = 300C7FB42DD532C8009DB1E9 /* Products */;
			projectDirPath = "";
			projectRoot = "";
			targets = (
				300C7FB22DD532C8009DB1E9 /* LiveMemPool */,
				300C80042DD55A8E009DB1E9 /* LiveMemPoolWidgetExtension */,
			);
		};
/* End PBXProject section */

/* Begin PBXResourcesBuildPhase section */
		300C7FB12DD532C8009DB1E9 /* Resources */ = {
			isa = PBXResourcesBuildPhase;
			buildActionMask = 2147483647;
			files = (
			);
			runOnlyForDeploymentPostprocessing = 0;
		};
		300C80032DD55A8E009DB1E9 /* Resources */ = {
			isa = PBXResourcesBuildPhase;
			buildActionMask = 2147483647;
			files = (
			);
			runOnlyForDeploymentPostprocessing = 0;
		};
/* End PBXResourcesBuildPhase section */

/* Begin PBXSourcesBuildPhase section */
		300C7FAF2DD532C8009DB1E9 /* Sources */ = {
			isa = PBXSourcesBuildPhase;
			buildActionMask = 2147483647;
			files = (
			);
			runOnlyForDeploymentPostprocessing = 0;
		};
		300C80012DD55A8E009DB1E9 /* Sources */ = {
			isa = PBXSourcesBuildPhase;
			buildActionMask = 2147483647;
			files = (
			);
			runOnlyForDeploymentPostprocessing = 0;
		};
/* End PBXSourcesBuildPhase section */

/* Begin PBXTargetDependency section */
		300C801A2DD55A8F009DB1E9 /* PBXTargetDependency */ = {
			isa = PBXTargetDependency;
			target = 300C80042DD55A8E009DB1E9 /* LiveMemPoolWidgetExtension */;
			targetProxy = 300C80192DD55A8F009DB1E9 /* PBXContainerItemProxy */;
		};
/* End PBXTargetDependency section */

/* Begin XCBuildConfiguration section */
		300C7FBF2DD532C9009DB1E9 /* Debug */ = {
			isa = XCBuildConfiguration;
			buildSettings = {
				ALWAYS_SEARCH_USER_PATHS = NO;
				ASSETCATALOG_COMPILER_GENERATE_SWIFT_ASSET_SYMBOL_EXTENSIONS = YES;
				CLANG_ANALYZER_NONNULL = YES;
				CLANG_ANALYZER_NUMBER_OBJECT_CONVERSION = YES_AGGRESSIVE;
				CLANG_CXX_LANGUAGE_STANDARD = "gnu++20";
				CLANG_ENABLE_MODULES = YES;
				CLANG_ENABLE_OBJC_ARC = YES;
				CLANG_ENABLE_OBJC_WEAK = YES;
				CLANG_WARN_BLOCK_CAPTURE_AUTORELEASING = YES;
				CLANG_WARN_BOOL_CONVERSION = YES;
				CLANG_WARN_COMMA = YES;
				CLANG_WARN_CONSTANT_CONVERSION = YES;
				CLANG_WARN_DEPRECATED_OBJC_IMPLEMENTATIONS = YES;
				CLANG_WARN_DIRECT_OBJC_ISA_USAGE = YES_ERROR;
				CLANG_WARN_DOCUMENTATION_COMMENTS = YES;
				CLANG_WARN_EMPTY_BODY = YES;
				CLANG_WARN_ENUM_CONVERSION = YES;
				CLANG_WARN_INFINITE_RECURSION = YES;
				CLANG_WARN_INT_CONVERSION = YES;
				CLANG_WARN_NON_LITERAL_NULL_CONVERSION = YES;
				CLANG_WARN_OBJC_IMPLICIT_RETAIN_SELF = YES;
				CLANG_WARN_OBJC_LITERAL_CONVERSION = YES;
				CLANG_WARN_OBJC_ROOT_CLASS = YES_ERROR;
				CLANG_WARN_QUOTED_INCLUDE_IN_FRAMEWORK_HEADER = YES;
				CLANG_WARN_RANGE_LOOP_ANALYSIS = YES;
				CLANG_WARN_STRICT_PROTOTYPES = YES;
				CLANG_WARN_SUSPICIOUS_MOVE = YES;
				CLANG_WARN_UNGUARDED_AVAILABILITY = YES_AGGRESSIVE;
				CLANG_WARN_UNREACHABLE_CODE = YES;
				CLANG_WARN__DUPLICATE_METHOD_MATCH = YES;
				COPY_PHASE_STRIP = NO;
				DEBUG_INFORMATION_FORMAT = dwarf;
				ENABLE_STRICT_OBJC_MSGSEND = YES;
				ENABLE_TESTABILITY = YES;
				ENABLE_USER_SCRIPT_SANDBOXING = YES;
				GCC_C_LANGUAGE_STANDARD = gnu17;
				GCC_DYNAMIC_NO_PIC = NO;
				GCC_NO_COMMON_BLOCKS = YES;
				GCC_OPTIMIZATION_LEVEL = 0;
				GCC_PREPROCESSOR_DEFINITIONS = (
					"DEBUG=1",
					"$(inherited)",
				);
				GCC_WARN_64_TO_32_BIT_CONVERSION = YES;
				GCC_WARN_ABOUT_RETURN_TYPE = YES_ERROR;
				GCC_WARN_UNDECLARED_SELECTOR = YES;
				GCC_WARN_UNINITIALIZED_AUTOS = YES_AGGRESSIVE;
				GCC_WARN_UNUSED_FUNCTION = YES;
				GCC_WARN_UNUSED_VARIABLE = YES;
				IPHONEOS_DEPLOYMENT_TARGET = 18.1;
				LOCALIZATION_PREFERS_STRING_CATALOGS = YES;
				MTL_ENABLE_DEBUG_INFO = INCLUDE_SOURCE;
				MTL_FAST_MATH = YES;
				ONLY_ACTIVE_ARCH = YES;
				SDKROOT = iphoneos;
				SWIFT_ACTIVE_COMPILATION_CONDITIONS = "DEBUG $(inherited)";
				SWIFT_OPTIMIZATION_LEVEL = "-Onone";
			};
			name = Debug;
		};
		300C7FC02DD532C9009DB1E9 /* Release */ = {
			isa = XCBuildConfiguration;
			buildSettings = {
				ALWAYS_SEARCH_USER_PATHS = NO;
				ASSETCATALOG_COMPILER_GENERATE_SWIFT_ASSET_SYMBOL_EXTENSIONS = YES;
				CLANG_ANALYZER_NONNULL = YES;
				CLANG_ANALYZER_NUMBER_OBJECT_CONVERSION = YES_AGGRESSIVE;
				CLANG_CXX_LANGUAGE_STANDARD = "gnu++20";
				CLANG_ENABLE_MODULES = YES;
				CLANG_ENABLE_OBJC_ARC = YES;
				CLANG_ENABLE_OBJC_WEAK = YES;
				CLANG_WARN_BLOCK_CAPTURE_AUTORELEASING = YES;
				CLANG_WARN_BOOL_CONVERSION = YES;
				CLANG_WARN_COMMA = YES;
				CLANG_WARN_CONSTANT_CONVERSION = YES;
				CLANG_WARN_DEPRECATED_OBJC_IMPLEMENTATIONS = YES;
				CLANG_WARN_DIRECT_OBJC_ISA_USAGE = YES_ERROR;
				CLANG_WARN_DOCUMENTATION_COMMENTS = YES;
				CLANG_WARN_EMPTY_BODY = YES;
				CLANG_WARN_ENUM_CONVERSION = YES;
				CLANG_WARN_INFINITE_RECURSION = YES;
				CLANG_WARN_INT_CONVERSION = YES;
				CLANG_WARN_NON_LITERAL_NULL_CONVERSION = YES;
				CLANG_WARN_OBJC_IMPLICIT_RETAIN_SELF = YES;
				CLANG_WARN_OBJC_LITERAL_CONVERSION = YES;
				CLANG_WARN_OBJC_ROOT_CLASS = YES_ERROR;
				CLANG_WARN_QUOTED_INCLUDE_IN_FRAMEWORK_HEADER = YES;
				CLANG_WARN_RANGE_LOOP_ANALYSIS = YES;
				CLANG_WARN_STRICT_PROTOTYPES = YES;
				CLANG_WARN_SUSPICIOUS_MOVE = YES;
				CLANG_WARN_UNGUARDED_AVAILABILITY = YES_AGGRESSIVE;
				CLANG_WARN_UNREACHABLE_CODE = YES;
				CLANG_WARN__DUPLICATE_METHOD_MATCH = YES;
				COPY_PHASE_STRIP = NO;
				DEBUG_INFORMATION_FORMAT = "dwarf-with-dsym";
				ENABLE_NS_ASSERTIONS = NO;
				ENABLE_STRICT_OBJC_MSGSEND = YES;
				ENABLE_USER_SCRIPT_SANDBOXING = YES;
				GCC_C_LANGUAGE_STANDARD = gnu17;
				GCC_NO_COMMON_BLOCKS = YES;
				GCC_WARN_64_TO_32_BIT_CONVERSION = YES;
				GCC_WARN_ABOUT_RETURN_TYPE = YES_ERROR;
				GCC_WARN_UNDECLARED_SELECTOR = YES;
				GCC_WARN_UNINITIALIZED_AUTOS = YES_AGGRESSIVE;
				GCC_WARN_UNUSED_FUNCTION = YES;
				GCC_WARN_UNUSED_VARIABLE = YES;
				IPHONEOS_DEPLOYMENT_TARGET = 18.1;
				LOCALIZATION_PREFERS_STRING_CATALOGS = YES;
				MTL_ENABLE_DEBUG_INFO = NO;
				MTL_FAST_MATH = YES;
				SDKROOT = iphoneos;
				SWIFT_COMPILATION_MODE = wholemodule;
				VALIDATE_PRODUCT = YES;
			};
			name = Release;
		};
		300C7FC22DD532C9009DB1E9 /* Debug */ = {
			isa = XCBuildConfiguration;
			buildSettings = {
				ASSETCATALOG_COMPILER_APPICON_NAME = AppIcon;
				ASSETCATALOG_COMPILER_GLOBAL_ACCENT_COLOR_NAME = AccentColor;
				CODE_SIGN_IDENTITY = "Apple Development";
				CODE_SIGN_STYLE = Automatic;
				CURRENT_PROJECT_VERSION = 1;
				DEVELOPMENT_ASSET_PATHS = "\"LiveMemPool/Preview Content\"";
				DEVELOPMENT_TEAM = Q936V7ETN5;
				ENABLE_PREVIEWS = YES;
				GENERATE_INFOPLIST_FILE = YES;
				INFOPLIST_KEY_UIApplicationSceneManifest_Generation = YES;
				INFOPLIST_KEY_UIApplicationSupportsIndirectInputEvents = YES;
				INFOPLIST_KEY_UILaunchScreen_Generation = YES;
				INFOPLIST_KEY_UISupportedInterfaceOrientations_iPad = "UIInterfaceOrientationPortrait UIInterfaceOrientationPortraitUpsideDown UIInterfaceOrientationLandscapeLeft UIInterfaceOrientationLandscapeRight";
				INFOPLIST_KEY_UISupportedInterfaceOrientations_iPhone = "UIInterfaceOrientationPortrait UIInterfaceOrientationLandscapeLeft UIInterfaceOrientationLandscapeRight";
				LD_RUNPATH_SEARCH_PATHS = (
					"$(inherited)",
					"@executable_path/Frameworks",
				);
				MARKETING_VERSION = 1.0;
				PRODUCT_BUNDLE_IDENTIFIER = come.abe.LiveMemPool;
				PRODUCT_NAME = "$(TARGET_NAME)";
				PROVISIONING_PROFILE_SPECIFIER = "";
				SWIFT_EMIT_LOC_STRINGS = YES;
				SWIFT_VERSION = 5.0;
				TARGETED_DEVICE_FAMILY = "1,2";
			};
			name = Debug;
		};
		300C7FC32DD532C9009DB1E9 /* Release */ = {
			isa = XCBuildConfiguration;
			buildSettings = {
				ASSETCATALOG_COMPILER_APPICON_NAME = AppIcon;
				ASSETCATALOG_COMPILER_GLOBAL_ACCENT_COLOR_NAME = AccentColor;
				CODE_SIGN_IDENTITY = "Apple Development";
				CODE_SIGN_STYLE = Automatic;
				CURRENT_PROJECT_VERSION = 1;
				DEVELOPMENT_ASSET_PATHS = "\"LiveMemPool/Preview Content\"";
				DEVELOPMENT_TEAM = Q936V7ETN5;
				ENABLE_PREVIEWS = YES;
				GENERATE_INFOPLIST_FILE = YES;
				INFOPLIST_KEY_UIApplicationSceneManifest_Generation = YES;
				INFOPLIST_KEY_UIApplicationSupportsIndirectInputEvents = YES;
				INFOPLIST_KEY_UILaunchScreen_Generation = YES;
				INFOPLIST_KEY_UISupportedInterfaceOrientations_iPad = "UIInterfaceOrientationPortrait UIInterfaceOrientationPortraitUpsideDown UIInterfaceOrientationLandscapeLeft UIInterfaceOrientationLandscapeRight";
				INFOPLIST_KEY_UISupportedInterfaceOrientations_iPhone = "UIInterfaceOrientationPortrait UIInterfaceOrientationLandscapeLeft UIInterfaceOrientationLandscapeRight";
				LD_RUNPATH_SEARCH_PATHS = (
					"$(inherited)",
					"@executable_path/Frameworks",
				);
				MARKETING_VERSION = 1.0;
				PRODUCT_BUNDLE_IDENTIFIER = come.abe.LiveMemPool;
				PRODUCT_NAME = "$(TARGET_NAME)";
				PROVISIONING_PROFILE_SPECIFIER = "";
				SWIFT_EMIT_LOC_STRINGS = YES;
				SWIFT_VERSION = 5.0;
				TARGETED_DEVICE_FAMILY = "1,2";
			};
			name = Release;
		};
		300C801E2DD55A8F009DB1E9 /* Debug */ = {
			isa = XCBuildConfiguration;
			buildSettings = {
				ASSETCATALOG_COMPILER_GLOBAL_ACCENT_COLOR_NAME = AccentColor;
				ASSETCATALOG_COMPILER_WIDGET_BACKGROUND_COLOR_NAME = WidgetBackground;
				CODE_SIGN_IDENTITY = "Apple Development";
				CODE_SIGN_STYLE = Automatic;
				CURRENT_PROJECT_VERSION = 1;
				DEVELOPMENT_TEAM = Q936V7ETN5;
				GENERATE_INFOPLIST_FILE = YES;
				INFOPLIST_FILE = LiveMemPoolWidget/Info.plist;
				INFOPLIST_KEY_CFBundleDisplayName = LiveMemPoolWidget;
				INFOPLIST_KEY_NSHumanReadableCopyright = "";
				LD_RUNPATH_SEARCH_PATHS = (
					"$(inherited)",
					"@executable_path/Frameworks",
					"@executable_path/../../Frameworks",
				);
				MARKETING_VERSION = 1.0;
				PRODUCT_BUNDLE_IDENTIFIER = come.abe.LiveMemPool.LiveMemPoolWidget;
				PRODUCT_NAME = "$(TARGET_NAME)";
				SKIP_INSTALL = YES;
				SWIFT_EMIT_LOC_STRINGS = YES;
				SWIFT_VERSION = 5.0;
				TARGETED_DEVICE_FAMILY = "1,2";
			};
			name = Debug;
		};
		300C801F2DD55A8F009DB1E9 /* Release */ = {
			isa = XCBuildConfiguration;
			buildSettings = {
				ASSETCATALOG_COMPILER_GLOBAL_ACCENT_COLOR_NAME = AccentColor;
				ASSETCATALOG_COMPILER_WIDGET_BACKGROUND_COLOR_NAME = WidgetBackground;
				CODE_SIGN_IDENTITY = "Apple Development";
				CODE_SIGN_STYLE = Automatic;
				CURRENT_PROJECT_VERSION = 1;
				DEVELOPMENT_TEAM = Q936V7ETN5;
				GENERATE_INFOPLIST_FILE = YES;
				INFOPLIST_FILE = LiveMemPoolWidget/Info.plist;
				INFOPLIST_KEY_CFBundleDisplayName = LiveMemPoolWidget;
				INFOPLIST_KEY_NSHumanReadableCopyright = "";
				LD_RUNPATH_SEARCH_PATHS = (
					"$(inherited)",
					"@executable_path/Frameworks",
					"@executable_path/../../Frameworks",
				);
				MARKETING_VERSION = 1.0;
				PRODUCT_BUNDLE_IDENTIFIER = come.abe.LiveMemPool.LiveMemPoolWidget;
				PRODUCT_NAME = "$(TARGET_NAME)";
				SKIP_INSTALL = YES;
				SWIFT_EMIT_LOC_STRINGS = YES;
				SWIFT_VERSION = 5.0;
				TARGETED_DEVICE_FAMILY = "1,2";
			};
			name = Release;
		};
/* End XCBuildConfiguration section */

/* Begin XCConfigurationList section */
		300C7FAE2DD532C8009DB1E9 /* Build configuration list for PBXProject "LiveMemPool" */ = {
			isa = XCConfigurationList;
			buildConfigurations = (
				300C7FBF2DD532C9009DB1E9 /* Debug */,
				300C7FC02DD532C9009DB1E9 /* Release */,
			);
			defaultConfigurationIsVisible = 0;
			defaultConfigurationName = Release;
		};
		300C7FC12DD532C9009DB1E9 /* Build configuration list for PBXNativeTarget "LiveMemPool" */ = {
			isa = XCConfigurationList;
			buildConfigurations = (
				300C7FC22DD532C9009DB1E9 /* Debug */,
				300C7FC32DD532C9009DB1E9 /* Release */,
			);
			defaultConfigurationIsVisible = 0;
			defaultConfigurationName = Release;
		};
		300C801D2DD55A8F009DB1E9 /* Build configuration list for PBXNativeTarget "LiveMemPoolWidgetExtension" */ = {
			isa = XCConfigurationList;
			buildConfigurations = (
				300C801E2DD55A8F009DB1E9 /* Debug */,
				300C801F2DD55A8F009DB1E9 /* Release */,
			);
			defaultConfigurationIsVisible = 0;
			defaultConfigurationName = Release;
		};
/* End XCConfigurationList section */

/* Begin XCRemoteSwiftPackageReference section */
		300C7FC42DD53322009DB1E9 /* XCRemoteSwiftPackageReference "MempoolKit" */ = {
			isa = XCRemoteSwiftPackageReference;
			repositoryURL = "https://github.com/FlorianHubl/MempoolKit";
			requirement = {
				branch = main;
				kind = branch;
			};
		};
/* End XCRemoteSwiftPackageReference section */

/* Begin XCSwiftPackageProductDependency section */
		300C7FC52DD53322009DB1E9 /* MempoolKit */ = {
			isa = XCSwiftPackageProductDependency;
			package = 300C7FC42DD53322009DB1E9 /* XCRemoteSwiftPackageReference "MempoolKit" */;
			productName = MempoolKit;
		};
/* End XCSwiftPackageProductDependency section */
	};
	rootObject = 300C7FAB2DD532C8009DB1E9 /* Project object */;
}
